{
  "version": 4,
  "terraform_version": "0.12.25",
  "serial": 14,
  "lineage": "38f24fa1-f103-9bf3-9582-c4a657f58b29",
  "outputs": {
    "AllGroupIds": {
      "value": [
        "00g187k1tGd9MblWI4h6"
      ],
      "type": [
        "tuple",
        [
          "string"
        ]
      ]
    },
    "Attribute": {
      "value": [
        {
          "array_enum": null,
          "array_one_of": [],
          "array_type": null,
          "description": "Actor ID attribute",
          "enum": [],
          "external_name": "",
          "id": "actorId",
          "index": "actorId",
          "master": "PROFILE_MASTER",
          "max_length": 0,
          "min_length": 0,
          "one_of": [],
          "permissions": "HIDE",
          "required": false,
          "scope": "NONE",
          "title": "Actor ID",
          "type": "string"
        },
        {
          "array_enum": null,
          "array_one_of": [],
          "array_type": null,
          "description": "Portal ID attribute",
          "enum": [],
          "external_name": "",
          "id": "portalId",
          "index": "portalId",
          "master": "PROFILE_MASTER",
          "max_length": 0,
          "min_length": 0,
          "one_of": [],
          "permissions": "HIDE",
          "required": false,
          "scope": "NONE",
          "title": "Portal ID",
          "type": "string"
        }
      ],
      "type": [
        "tuple",
        [
          [
            "object",
            {
              "array_enum": [
                "list",
                "string"
              ],
              "array_one_of": [
                "list",
                [
                  "object",
                  {
                    "const": "string",
                    "title": "string"
                  }
                ]
              ],
              "array_type": "string",
              "description": "string",
              "enum": [
                "list",
                "string"
              ],
              "external_name": "string",
              "id": "string",
              "index": "string",
              "master": "string",
              "max_length": "number",
              "min_length": "number",
              "one_of": [
                "list",
                [
                  "object",
                  {
                    "const": "string",
                    "title": "string"
                  }
                ]
              ],
              "permissions": "string",
              "required": "bool",
              "scope": "string",
              "title": "string",
              "type": "string"
            }
          ],
          [
            "object",
            {
              "array_enum": [
                "list",
                "string"
              ],
              "array_one_of": [
                "list",
                [
                  "object",
                  {
                    "const": "string",
                    "title": "string"
                  }
                ]
              ],
              "array_type": "string",
              "description": "string",
              "enum": [
                "list",
                "string"
              ],
              "external_name": "string",
              "id": "string",
              "index": "string",
              "master": "string",
              "max_length": "number",
              "min_length": "number",
              "one_of": [
                "list",
                [
                  "object",
                  {
                    "const": "string",
                    "title": "string"
                  }
                ]
              ],
              "permissions": "string",
              "required": "bool",
              "scope": "string",
              "title": "string",
              "type": "string"
            }
          ]
        ]
      ]
    }
  },
  "resources": [
    {
      "mode": "data",
      "type": "okta_auth_server",
      "name": "default",
      "provider": "provider.okta",
      "instances": [
        {
          "schema_version": 0,
          "attributes": {
            "audiences": [
              "api://default"
            ],
            "credentials_last_rotated": "2020-05-13 02:47:50 +0000 UTC",
            "credentials_next_rotation": "2020-08-11 02:47:50 +0000 UTC",
            "credentials_rotation_mode": "AUTO",
            "description": "Default Authorization Server for your Applications",
            "id": "aus14rlouHWt445v64h6",
            "kid": "SQtwiLBXtzAEHT11J88Gqyi3fJahONNZgBhsROzYmrM",
            "name": "default",
            "status": "ACTIVE"
          }
        }
      ]
    },
    {
      "module": "module.AllOIDCapps",
      "mode": "data",
      "type": "okta_user_profile_mapping_source",
      "name": "user",
      "provider": "provider.okta",
      "instances": [
        {
          "schema_version": 0,
          "attributes": {
            "id": "oty14rloecvsTspZe4h6",
            "name": "user",
            "type": "user"
          }
        }
      ]
    },
    {
      "module": "module.AllOIDCapps",
      "mode": "managed",
      "type": "okta_app_bookmark",
      "name": "BookmarkApp",
      "each": "map",
      "provider": "provider.okta",
      "instances": [
        {
          "index_key": "FRMPortalApp",
          "schema_version": 0,
          "attributes": {
            "auto_submit_toolbar": false,
            "groups": [
              "00g187k1tGd9MblWI4h6"
            ],
            "hide_ios": false,
            "hide_web": false,
            "id": "0oa187ptpUQ1AJv9O4h6",
            "label": "FRMPortalAppBookmark",
            "name": "bookmark",
            "request_integration": false,
            "sign_on_mode": "BOOKMARK",
            "status": "ACTIVE",
            "url": "https://www.frm.nordicare.com",
            "users": []
          },
          "private": "bnVsbA==",
          "dependencies": [
            "module.AppGroups.okta_group.AllOktaGroups"
          ]
        }
      ]
    },
    {
      "module": "module.AllOIDCapps",
      "mode": "managed",
      "type": "okta_app_oauth",
      "name": "OIDCApp",
      "each": "map",
      "provider": "provider.okta",
      "instances": [
        {
          "index_key": "FRMPortalApp",
          "schema_version": 0,
          "attributes": {
            "auto_key_rotation": true,
            "auto_submit_toolbar": false,
            "client_basic_secret": null,
            "client_id": "0oa187k1wc281Vz794h6",
            "client_secret": "",
            "client_uri": "",
            "consent_method": "",
            "custom_client_id": null,
            "grant_types": [
              "authorization_code"
            ],
            "groups": [
              "00g187k1tGd9MblWI4h6"
            ],
            "hide_ios": true,
            "hide_web": true,
            "id": "0oa187k1wc281Vz794h6",
            "issuer_mode": "ORG_URL",
            "label": "FRMPortalApp",
            "login_uri": "",
            "logo_uri": "",
            "name": "oidc_client",
            "omit_secret": true,
            "policy_uri": "",
            "post_logout_redirect_uris": [],
            "profile": "",
            "redirect_uris": [
              "https://www.frm.nordicare.com"
            ],
            "response_types": [
              "code"
            ],
            "sign_on_mode": "OPENID_CONNECT",
            "status": "ACTIVE",
            "token_endpoint_auth_method": "none",
            "tos_uri": "",
            "type": "browser",
            "users": []
          },
          "private": "bnVsbA==",
          "dependencies": [
            "module.AppGroups.okta_group.AllOktaGroups"
          ]
        }
      ]
    },
    {
      "module": "module.AllOIDCapps",
      "mode": "managed",
      "type": "okta_app_user_schema",
      "name": "appUser",
      "each": "map",
      "provider": "provider.okta",
      "instances": [
        {
          "index_key": "FRMPortalApp",
          "schema_version": 0,
          "attributes": {
            "app_id": "0oa187k1wc281Vz794h6",
            "array_enum": null,
            "array_one_of": [],
            "array_type": null,
            "description": "",
            "enum": [],
            "external_name": "",
            "id": "0oa187k1wc281Vz794h6/actorId",
            "index": "actorId",
            "master": "PROFILE_MASTER",
            "max_length": 0,
            "min_length": 0,
            "one_of": [],
            "permissions": "READ_ONLY",
            "required": false,
            "scope": "NONE",
            "title": "Actor ID",
            "type": "string"
          },
          "private": "bnVsbA==",
          "dependencies": [
            "module.AllOIDCapps.okta_app_oauth.OIDCApp",
            "module.AppGroups.okta_group.AllOktaGroups"
          ]
        }
      ]
    },
    {
      "module": "module.authserver",
      "mode": "managed",
      "type": "okta_auth_server_claim",
      "name": "authserver",
      "provider": "provider.okta",
      "instances": [
        {
          "schema_version": 0,
          "attributes": {
            "always_include_in_token": true,
            "auth_server_id": "default",
            "claim_type": "IDENTITY",
            "group_filter_type": "",
            "id": "ocl187k59VXfVCHNL4h6",
            "name": "actorId",
            "scopes": [
              "rxc-meta"
            ],
            "status": "ACTIVE",
            "value": "appuser.actorId",
            "value_type": "EXPRESSION"
          },
          "private": "bnVsbA==",
          "dependencies": [
            "module.CreateCustomUserAttributes.okta_user_schema.CustomUserAttributes",
            "module.authserver.okta_auth_server_scope.authscope"
          ]
        }
      ]
    },
    {
      "module": "module.authserver",
      "mode": "managed",
      "type": "okta_auth_server_scope",
      "name": "authscope",
      "provider": "provider.okta",
      "instances": [
        {
          "schema_version": 0,
          "attributes": {
            "auth_server_id": "default",
            "consent": "IMPLICIT",
            "default": false,
            "description": "New RxC Metadata scope for RxC Portal specific elements",
            "id": "scp187e6wdtHAoa0l4h6",
            "metadata_publish": "ALL_CLIENTS",
            "name": "rxc-meta"
          },
          "private": "bnVsbA=="
        }
      ]
    },
    {
      "module": "module.AppGroups",
      "mode": "managed",
      "type": "okta_group",
      "name": "AllOktaGroups",
      "each": "map",
      "provider": "provider.okta",
      "instances": [
        {
          "index_key": "RxC_PROD_PORTAL_NovoFRM_EXT",
          "schema_version": 0,
          "attributes": {
            "description": "External users assigned to FRM Portal",
            "id": "00g187k1tGd9MblWI4h6",
            "name": "RxC_PROD_PORTAL_NovoFRM_EXT",
            "users": null
          },
          "private": "bnVsbA=="
        }
      ]
    },
    {
      "module": "module.AppGroups",
      "mode": "managed",
      "type": "okta_group_roles",
      "name": "admin_roles",
      "each": "map",
      "provider": "provider.okta",
      "instances": []
    },
    {
      "module": "module.AppGroups",
      "mode": "managed",
      "type": "okta_group_rule",
      "name": "AllGroupRules",
      "each": "map",
      "provider": "provider.okta",
      "instances": [
        {
          "index_key": "RxC_PROD_PORTAL_NovoFRM_EXT",
          "schema_version": 0,
          "attributes": {
            "expression_type": "urn:okta:expression:1.0",
            "expression_value": "user.portalId=='10018'",
            "group_assignments": [
              "00g187k1tGd9MblWI4h6"
            ],
            "id": "0pr187wvkzqCRKie54h6",
            "name": "group rule for RxC_PROD_PORTAL_NovoFRM_EXT ",
            "status": "ACTIVE"
          },
          "private": "bnVsbA==",
          "dependencies": [
            "module.AppGroups.okta_group.AllOktaGroups"
          ]
        }
      ]
    },
    {
      "module": "module.AllOIDCapps",
      "mode": "managed",
      "type": "okta_profile_mapping",
      "name": "FRMMapping",
      "each": "map",
      "provider": "provider.okta",
      "instances": []
    },
    {
      "module": "module.cors",
      "mode": "managed",
      "type": "okta_trusted_origin",
      "name": "cors_id",
      "each": "map",
      "provider": "provider.okta",
      "instances": [
        {
          "index_key": "https://www.frm.nordicare.com",
          "schema_version": 0,
          "attributes": {
            "active": true,
            "id": "tos187h25991cQ61A4h6",
            "name": "https://www.frm.nordicare.com",
            "origin": "https://www.frm.nordicare.com",
            "scopes": [
              "CORS",
              "REDIRECT"
            ]
          },
          "private": "bnVsbA=="
        }
      ]
    },
    {
      "module": "module.CreateCustomUserAttributes",
      "mode": "managed",
      "type": "okta_user_schema",
      "name": "CustomUserAttributes",
      "each": "map",
      "provider": "provider.okta",
      "instances": [
        {
          "index_key": "actorId",
          "schema_version": 0,
          "attributes": {
            "array_enum": null,
            "array_one_of": [],
            "array_type": null,
            "description": "Actor ID attribute",
            "enum": [],
            "external_name": "",
            "id": "actorId",
            "index": "actorId",
            "master": "PROFILE_MASTER",
            "max_length": 0,
            "min_length": 0,
            "one_of": [],
            "permissions": "HIDE",
            "required": false,
            "scope": "NONE",
            "title": "Actor ID",
            "type": "string"
          },
          "private": "bnVsbA=="
        },
        {
          "index_key": "portalId",
          "schema_version": 0,
          "attributes": {
            "array_enum": null,
            "array_one_of": [],
            "array_type": null,
            "description": "Portal ID attribute",
            "enum": [],
            "external_name": "",
            "id": "portalId",
            "index": "portalId",
            "master": "PROFILE_MASTER",
            "max_length": 0,
            "min_length": 0,
            "one_of": [],
            "permissions": "HIDE",
            "required": false,
            "scope": "NONE",
            "title": "Portal ID",
            "type": "string"
          },
          "private": "bnVsbA=="
        }
      ]
    }
  ]
}
