{
  "version": 4,
  "terraform_version": "0.12.25",
  "serial": 1435,
  "lineage": "5f57e51e-eb78-1883-9b02-94187d837a39",
  "outputs": {
    "AllGroupIds": {
      "value": [
        {
          "description": "External users assigned to Bayer Beta Plus Portal",
          "id": "00gf4qss5UzEaLTJ04x6",
          "name": "RXC_SIT_PORTAL_BetaPlusManufacturer_EXT",
          "users": null
        },
        {
          "description": "External users assigned to Fresenius Portal",
          "id": "00gf4klptfQWSb9Zl4x6",
          "name": "RXC_SIT_PORTAL_FreseniusManufacturer_EXT",
          "users": null
        },
        {
          "description": "External users assigned to Relypsa Portal",
          "id": "00gf5f081S3ucn8dr4x6",
          "name": "RXC_SIT_PORTAL_RelypsaFLT_EXT",
          "users": null
        },
        {
          "description": "External users assigned to FRM Portal",
          "id": "00gf4x6lhu410AlPN4x6",
          "name": "RxC_SIT_PORTAL_NovoFRM_EXT",
          "users": null
        }
      ],
      "type": [
        "tuple",
        [
          [
            "object",
            {
              "description": "string",
              "id": "string",
              "name": "string",
              "users": [
                "set",
                "string"
              ]
            }
          ],
          [
            "object",
            {
              "description": "string",
              "id": "string",
              "name": "string",
              "users": [
                "set",
                "string"
              ]
            }
          ],
          [
            "object",
            {
              "description": "string",
              "id": "string",
              "name": "string",
              "users": [
                "set",
                "string"
              ]
            }
          ],
          [
            "object",
            {
              "description": "string",
              "id": "string",
              "name": "string",
              "users": [
                "set",
                "string"
              ]
            }
          ]
        ]
      ]
    },
    "AppInfo": {
      "value": [
        "Client ID of BBPPortalApp = 0oaf4xq4h1ZxnC5mo4x6",
        "Client ID of FRMPortalApp = 0oaf57tw8FdgyVGI64x6",
        "Client ID of FreseniusPortalApp = 0oaf4t5hvUlT0jKKk4x6",
        "Client ID of RelypsaPortalApp = 0oaf53kdv6vOOtGRR4x6"
      ],
      "type": [
        "list",
        "string"
      ]
    },
    "BookmarkAppInfo": {
      "value": [
        "Bookmark Request Context of BBPPortalAppBookmark = ?fromURI=home/bookmark/0oaf4pnvatvgY2exv4x6/2557",
        "Bookmark Request Context of FRMPortalAppBookmark = ?fromURI=home/bookmark/0oaf4zdyt9REFfXCo4x6/2557",
        "Bookmark Request Context of FreseniusPortalAppBookmark = ?fromURI=home/bookmark/0oaf4x1a0odRWz56C4x6/2557",
        "Bookmark Request Context of RelypsaPortalAppBookmark = ?fromURI=home/bookmark/0oaf4pnvjwCU9ws2M4x6/2557"
      ],
      "type": [
        "list",
        "string"
      ]
    },
    "Issuer_URL": {
      "value": "https://oktatf.okta.com/oauth2/default",
      "type": "string"
    },
    "Password_Policy_Id": {
      "value": "00pe61rsdgDXFsOoC4x6",
      "type": "string"
    },
    "Tenant_URL": {
      "value": "https://oktatf.okta.com",
      "type": "string"
    }
  },
  "resources": [
    {
      "mode": "data",
      "type": "okta_auth_server",
      "name": "default",
      "provider": "provider.okta",
      "instances": [
        {
          "schema_version": 0,
          "attributes": {
            "audiences": [
              "api://default"
            ],
            "credentials_last_rotated": "2020-06-05 05:02:16 +0000 UTC",
            "credentials_next_rotation": "2020-09-03 05:02:16 +0000 UTC",
            "credentials_rotation_mode": "AUTO",
            "description": "Default Authorization Server for your Applications",
            "id": "ause61rqgO1ngSBvw4x6",
            "kid": "JuCZDQOowoJ-Ad-x5ctVzozDQNdtTjOsaYdWOfuzlKA",
            "name": "default",
            "status": "ACTIVE"
          }
        }
      ]
    },
    {
      "module": "module.AllOIDCapps",
      "mode": "data",
      "type": "okta_policy",
      "name": "password",
      "provider": "provider.okta",
      "instances": [
        {
          "schema_version": 0,
          "attributes": {
            "id": "00pe61rsdgDXFsOoC4x6",
            "name": "Legacy Policy",
            "type": "PASSWORD"
          }
        }
      ]
    },
    {
      "module": "module.AllOIDCapps",
      "mode": "data",
      "type": "okta_user_profile_mapping_source",
      "name": "user",
      "provider": "provider.okta",
      "instances": [
        {
          "schema_version": 0,
          "attributes": {
            "id": "otye61z679CqzJQdH4x6",
            "name": "user",
            "type": "user"
          }
        }
      ]
    },
    {
      "module": "module.AllOIDCapps",
      "mode": "managed",
      "type": "okta_app_bookmark",
      "name": "BookmarkApp",
      "each": "map",
      "provider": "provider.okta",
      "instances": [
        {
          "index_key": "BBPPortalApp",
          "schema_version": 0,
          "attributes": {
            "auto_submit_toolbar": false,
            "groups": null,
            "hide_ios": false,
            "hide_web": false,
            "id": "0oaf4pnvatvgY2exv4x6",
            "label": "BBPPortalAppBookmark",
            "name": "bookmark",
            "request_integration": false,
            "sign_on_mode": "BOOKMARK",
            "status": "ACTIVE",
            "url": "https://www.portalbetaserony2i.sit.rxcrossroads.com",
            "users": []
          },
          "private": "bnVsbA=="
        },
        {
          "index_key": "FRMPortalApp",
          "schema_version": 0,
          "attributes": {
            "auto_submit_toolbar": false,
            "groups": null,
            "hide_ios": false,
            "hide_web": false,
            "id": "0oaf4zdyt9REFfXCo4x6",
            "label": "FRMPortalAppBookmark",
            "name": "bookmark",
            "request_integration": false,
            "sign_on_mode": "BOOKMARK",
            "status": "ACTIVE",
            "url": "https://mcknordicarefrm.sit.rxcrossroads.com",
            "users": []
          },
          "private": "bnVsbA=="
        },
        {
          "index_key": "FreseniusPortalApp",
          "schema_version": 0,
          "attributes": {
            "auto_submit_toolbar": false,
            "groups": null,
            "hide_ios": false,
            "hide_web": false,
            "id": "0oaf4x1a0odRWz56C4x6",
            "label": "FreseniusPortalAppBookmark",
            "name": "bookmark",
            "request_integration": false,
            "sign_on_mode": "BOOKMARK",
            "status": "ACTIVE",
            "url": "https://www.velphoroaccesssolutiony2i.sit.rxcrossroads.com",
            "users": []
          },
          "private": "bnVsbA=="
        },
        {
          "index_key": "RelypsaPortalApp",
          "schema_version": 0,
          "attributes": {
            "auto_submit_toolbar": false,
            "groups": null,
            "hide_ios": false,
            "hide_web": false,
            "id": "0oaf4pnvjwCU9ws2M4x6",
            "label": "RelypsaPortalAppBookmark",
            "name": "bookmark",
            "request_integration": false,
            "sign_on_mode": "BOOKMARK",
            "status": "ACTIVE",
            "url": "https://www.vkgatewayy2i.sit.rxcrossroads.com",
            "users": []
          },
          "private": "bnVsbA=="
        }
      ]
    },
    {
      "module": "module.AllOIDCapps",
      "mode": "managed",
      "type": "okta_app_oauth",
      "name": "OIDCApp",
      "each": "map",
      "provider": "provider.okta",
      "instances": [
        {
          "index_key": "BBPPortalApp",
          "schema_version": 0,
          "attributes": {
            "auto_key_rotation": true,
            "auto_submit_toolbar": false,
            "client_basic_secret": null,
            "client_id": "0oaf4xq4h1ZxnC5mo4x6",
            "client_secret": "",
            "client_uri": "",
            "consent_method": "",
            "custom_client_id": null,
            "grant_types": [
              "authorization_code"
            ],
            "groups": null,
            "hide_ios": true,
            "hide_web": true,
            "id": "0oaf4xq4h1ZxnC5mo4x6",
            "issuer_mode": "ORG_URL",
            "label": "BBPPortalApp",
            "login_uri": "",
            "logo_uri": "",
            "name": "oidc_client",
            "omit_secret": true,
            "policy_uri": "",
            "post_logout_redirect_uris": null,
            "profile": "",
            "redirect_uris": [
              "https://www.portalbetaseronY2I.sit.rxcrossroads.com",
              "https://www.portalbetaserony2i.sit.rxcrossroads.com"
            ],
            "response_types": [
              "code"
            ],
            "sign_on_mode": "OPENID_CONNECT",
            "status": "ACTIVE",
            "token_endpoint_auth_method": "none",
            "tos_uri": "",
            "type": "browser",
            "users": []
          },
          "private": "bnVsbA=="
        },
        {
          "index_key": "FRMPortalApp",
          "schema_version": 0,
          "attributes": {
            "auto_key_rotation": true,
            "auto_submit_toolbar": false,
            "client_basic_secret": null,
            "client_id": "0oaf57tw8FdgyVGI64x6",
            "client_secret": "",
            "client_uri": "",
            "consent_method": "",
            "custom_client_id": null,
            "grant_types": [
              "authorization_code"
            ],
            "groups": null,
            "hide_ios": true,
            "hide_web": true,
            "id": "0oaf57tw8FdgyVGI64x6",
            "issuer_mode": "ORG_URL",
            "label": "FRMPortalApp",
            "login_uri": "",
            "logo_uri": "",
            "name": "oidc_client",
            "omit_secret": true,
            "policy_uri": "",
            "post_logout_redirect_uris": null,
            "profile": "",
            "redirect_uris": [
              "https://mcknordicarefrm.sit.rxcrossroads.com"
            ],
            "response_types": [
              "code"
            ],
            "sign_on_mode": "OPENID_CONNECT",
            "status": "ACTIVE",
            "token_endpoint_auth_method": "none",
            "tos_uri": "",
            "type": "browser",
            "users": []
          },
          "private": "bnVsbA=="
        },
        {
          "index_key": "FreseniusPortalApp",
          "schema_version": 0,
          "attributes": {
            "auto_key_rotation": true,
            "auto_submit_toolbar": false,
            "client_basic_secret": null,
            "client_id": "0oaf4t5hvUlT0jKKk4x6",
            "client_secret": "",
            "client_uri": "",
            "consent_method": "",
            "custom_client_id": null,
            "grant_types": [
              "authorization_code"
            ],
            "groups": null,
            "hide_ios": true,
            "hide_web": true,
            "id": "0oaf4t5hvUlT0jKKk4x6",
            "issuer_mode": "ORG_URL",
            "label": "FreseniusPortalApp",
            "login_uri": "",
            "logo_uri": "",
            "name": "oidc_client",
            "omit_secret": true,
            "policy_uri": "",
            "post_logout_redirect_uris": null,
            "profile": "",
            "redirect_uris": [
              "https://www.velphoroaccesssolutionY2I.sit.rxcrossroads.com",
              "https://www.velphoroaccesssolutiony2i.sit.rxcrossroads.com"
            ],
            "response_types": [
              "code"
            ],
            "sign_on_mode": "OPENID_CONNECT",
            "status": "ACTIVE",
            "token_endpoint_auth_method": "none",
            "tos_uri": "",
            "type": "browser",
            "users": []
          },
          "private": "bnVsbA=="
        },
        {
          "index_key": "RelypsaPortalApp",
          "schema_version": 0,
          "attributes": {
            "auto_key_rotation": true,
            "auto_submit_toolbar": false,
            "client_basic_secret": null,
            "client_id": "0oaf53kdv6vOOtGRR4x6",
            "client_secret": "",
            "client_uri": "",
            "consent_method": "",
            "custom_client_id": null,
            "grant_types": [
              "authorization_code"
            ],
            "groups": null,
            "hide_ios": true,
            "hide_web": true,
            "id": "0oaf53kdv6vOOtGRR4x6",
            "issuer_mode": "ORG_URL",
            "label": "RelypsaPortalApp",
            "login_uri": "",
            "logo_uri": "",
            "name": "oidc_client",
            "omit_secret": true,
            "policy_uri": "",
            "post_logout_redirect_uris": null,
            "profile": "",
            "redirect_uris": [
              "https://www.vkgatewayy2i.sit.rxcrossroads.com"
            ],
            "response_types": [
              "code"
            ],
            "sign_on_mode": "OPENID_CONNECT",
            "status": "ACTIVE",
            "token_endpoint_auth_method": "none",
            "tos_uri": "",
            "type": "browser",
            "users": []
          },
          "private": "bnVsbA=="
        }
      ]
    },
    {
      "module": "module.AllOIDCapps",
      "mode": "managed",
      "type": "okta_app_user_schema",
      "name": "appUser",
      "each": "map",
      "provider": "provider.okta",
      "instances": [
        {
          "index_key": "BBPPortalApp",
          "schema_version": 0,
          "attributes": {
            "app_id": "0oaf4xq4h1ZxnC5mo4x6",
            "array_enum": null,
            "array_one_of": [],
            "array_type": null,
            "description": "",
            "enum": null,
            "external_name": "",
            "id": "0oaf4xq4h1ZxnC5mo4x6/actorId",
            "index": "actorId",
            "master": "PROFILE_MASTER",
            "max_length": 0,
            "min_length": 0,
            "one_of": [],
            "permissions": "READ_ONLY",
            "required": false,
            "scope": "NONE",
            "title": "Actor ID",
            "type": "string"
          },
          "private": "bnVsbA==",
          "dependencies": [
            "module.AllOIDCapps.okta_app_oauth.OIDCApp"
          ]
        },
        {
          "index_key": "FRMPortalApp",
          "schema_version": 0,
          "attributes": {
            "app_id": "0oaf57tw8FdgyVGI64x6",
            "array_enum": null,
            "array_one_of": [],
            "array_type": null,
            "description": "",
            "enum": null,
            "external_name": "",
            "id": "0oaf57tw8FdgyVGI64x6/actorId",
            "index": "actorId",
            "master": "PROFILE_MASTER",
            "max_length": 0,
            "min_length": 0,
            "one_of": [],
            "permissions": "READ_ONLY",
            "required": false,
            "scope": "NONE",
            "title": "Actor ID",
            "type": "string"
          },
          "private": "bnVsbA==",
          "dependencies": [
            "module.AllOIDCapps.okta_app_oauth.OIDCApp"
          ]
        },
        {
          "index_key": "FreseniusPortalApp",
          "schema_version": 0,
          "attributes": {
            "app_id": "0oaf4t5hvUlT0jKKk4x6",
            "array_enum": null,
            "array_one_of": [],
            "array_type": null,
            "description": "",
            "enum": null,
            "external_name": "",
            "id": "0oaf4t5hvUlT0jKKk4x6/actorId",
            "index": "actorId",
            "master": "PROFILE_MASTER",
            "max_length": 0,
            "min_length": 0,
            "one_of": [],
            "permissions": "READ_ONLY",
            "required": false,
            "scope": "NONE",
            "title": "Actor ID",
            "type": "string"
          },
          "private": "bnVsbA==",
          "dependencies": [
            "module.AllOIDCapps.okta_app_oauth.OIDCApp"
          ]
        },
        {
          "index_key": "RelypsaPortalApp",
          "schema_version": 0,
          "attributes": {
            "app_id": "0oaf53kdv6vOOtGRR4x6",
            "array_enum": null,
            "array_one_of": [],
            "array_type": null,
            "description": "",
            "enum": null,
            "external_name": "",
            "id": "0oaf53kdv6vOOtGRR4x6/actorId",
            "index": "actorId",
            "master": "PROFILE_MASTER",
            "max_length": 0,
            "min_length": 0,
            "one_of": [],
            "permissions": "READ_ONLY",
            "required": false,
            "scope": "NONE",
            "title": "Actor ID",
            "type": "string"
          },
          "private": "bnVsbA==",
          "dependencies": [
            "module.AllOIDCapps.okta_app_oauth.OIDCApp"
          ]
        }
      ]
    },
    {
      "module": "module.authserver",
      "mode": "managed",
      "type": "okta_auth_server_claim",
      "name": "authserver",
      "provider": "provider.okta",
      "instances": [
        {
          "schema_version": 0,
          "attributes": {
            "always_include_in_token": true,
            "auth_server_id": "default",
            "claim_type": "IDENTITY",
            "group_filter_type": "",
            "id": "oclf4xw3255QllBNE4x6",
            "name": "actorId",
            "scopes": [
              "rxc-meta"
            ],
            "status": "ACTIVE",
            "value": "appuser.actorId",
            "value_type": "EXPRESSION"
          },
          "private": "bnVsbA==",
          "dependencies": [
            "module.CreateCustomUserAttributes.okta_user_schema.CustomUserAttributes",
            "module.authserver.okta_auth_server_scope.authscope"
          ]
        }
      ]
    },
    {
      "module": "module.authserver",
      "mode": "managed",
      "type": "okta_auth_server_scope",
      "name": "authscope",
      "provider": "provider.okta",
      "instances": [
        {
          "schema_version": 0,
          "attributes": {
            "auth_server_id": "default",
            "consent": "IMPLICIT",
            "default": false,
            "description": "New RxC Metadata scope for RxC Portal specific elements",
            "id": "scpf5eil1x6t9G3BQ4x6",
            "metadata_publish": "ALL_CLIENTS",
            "name": "rxc-meta"
          },
          "private": "bnVsbA=="
        }
      ]
    },
    {
      "module": "module.AppGroups",
      "mode": "managed",
      "type": "okta_group",
      "name": "AllOktaGroups",
      "each": "map",
      "provider": "provider.okta",
      "instances": [
        {
          "index_key": "RXC_SIT_PORTAL_BetaPlusManufacturer_EXT",
          "schema_version": 0,
          "attributes": {
            "description": "External users assigned to Bayer Beta Plus Portal",
            "id": "00gf4qss5UzEaLTJ04x6",
            "name": "RXC_SIT_PORTAL_BetaPlusManufacturer_EXT",
            "users": null
          },
          "private": "bnVsbA=="
        },
        {
          "index_key": "RXC_SIT_PORTAL_FreseniusManufacturer_EXT",
          "schema_version": 0,
          "attributes": {
            "description": "External users assigned to Fresenius Portal",
            "id": "00gf4klptfQWSb9Zl4x6",
            "name": "RXC_SIT_PORTAL_FreseniusManufacturer_EXT",
            "users": null
          },
          "private": "bnVsbA=="
        },
        {
          "index_key": "RXC_SIT_PORTAL_RelypsaFLT_EXT",
          "schema_version": 0,
          "attributes": {
            "description": "External users assigned to Relypsa Portal",
            "id": "00gf5f081S3ucn8dr4x6",
            "name": "RXC_SIT_PORTAL_RelypsaFLT_EXT",
            "users": null
          },
          "private": "bnVsbA=="
        },
        {
          "index_key": "RxC_SIT_PORTAL_NovoFRM_EXT",
          "schema_version": 0,
          "attributes": {
            "description": "External users assigned to FRM Portal",
            "id": "00gf4x6lhu410AlPN4x6",
            "name": "RxC_SIT_PORTAL_NovoFRM_EXT",
            "users": null
          },
          "private": "bnVsbA=="
        }
      ]
    },
    {
      "module": "module.AppGroups",
      "mode": "managed",
      "type": "okta_group_roles",
      "name": "admin_roles",
      "each": "map",
      "provider": "provider.okta",
      "instances": []
    },
    {
      "module": "module.AppGroups",
      "mode": "managed",
      "type": "okta_group_rule",
      "name": "AllGroupRules",
      "each": "map",
      "provider": "provider.okta",
      "instances": [
        {
          "index_key": "RXC_SIT_PORTAL_BetaPlusManufacturer_EXT",
          "schema_version": 0,
          "attributes": {
            "expression_type": "urn:okta:expression:1.0",
            "expression_value": "user.portalId=='12001'",
            "group_assignments": [
              "00gf4qss5UzEaLTJ04x6"
            ],
            "id": "0prf5eil2XK2YlWi34x6",
            "name": "RXC_SIT_PORTAL_BetaPlusManufacturer_EXT ",
            "status": "ACTIVE"
          },
          "private": "bnVsbA==",
          "dependencies": [
            "module.AppGroups.okta_group.AllOktaGroups"
          ]
        },
        {
          "index_key": "RXC_SIT_PORTAL_FreseniusManufacturer_EXT",
          "schema_version": 0,
          "attributes": {
            "expression_type": "urn:okta:expression:1.0",
            "expression_value": "user.portalId=='10010'",
            "group_assignments": [
              "00gf4klptfQWSb9Zl4x6"
            ],
            "id": "0prf55g8zVE6nVD8l4x6",
            "name": "RXC_SIT_PORTAL_FreseniusManufacturer_EXT ",
            "status": "ACTIVE"
          },
          "private": "bnVsbA==",
          "dependencies": [
            "module.AppGroups.okta_group.AllOktaGroups"
          ]
        },
        {
          "index_key": "RXC_SIT_PORTAL_RelypsaFLT_EXT",
          "schema_version": 0,
          "attributes": {
            "expression_type": "urn:okta:expression:1.0",
            "expression_value": "user.portalId=='10013'",
            "group_assignments": [
              "00gf5f081S3ucn8dr4x6"
            ],
            "id": "0prf4nnikwWL4Zrga4x6",
            "name": "RXC_SIT_PORTAL_RelypsaFLT_EXT ",
            "status": "ACTIVE"
          },
          "private": "bnVsbA==",
          "dependencies": [
            "module.AppGroups.okta_group.AllOktaGroups"
          ]
        },
        {
          "index_key": "RxC_SIT_PORTAL_NovoFRM_EXT",
          "schema_version": 0,
          "attributes": {
            "expression_type": "urn:okta:expression:1.0",
            "expression_value": "user.portalId=='10018'",
            "group_assignments": [
              "00gf4x6lhu410AlPN4x6"
            ],
            "id": "0prf4ki0nJ9lvIY4L4x6",
            "name": "RxC_SIT_PORTAL_NovoFRM_EXT ",
            "status": "ACTIVE"
          },
          "private": "bnVsbA==",
          "dependencies": [
            "module.AppGroups.okta_group.AllOktaGroups"
          ]
        }
      ]
    },
    {
      "module": "module.AllOIDCapps",
      "mode": "managed",
      "type": "okta_profile_mapping",
      "name": "FRMMapping",
      "each": "map",
      "provider": "provider.okta",
      "instances": [
        {
          "index_key": "BBPPortalApp",
          "schema_version": 0,
          "attributes": {
            "delete_when_absent": false,
            "id": "prmf5xawe6EL2FcBm4x6",
            "mappings": [
              {
                "expression": "String.len(user.actorId)\u003e0?user.actorId:user.getInternalProperty('id')",
                "id": "actorId",
                "push_status": "PUSH"
              }
            ],
            "source_id": "otye61z679CqzJQdH4x6",
            "source_name": "user",
            "source_type": "user",
            "target_id": "0oaf4xq4h1ZxnC5mo4x6",
            "target_name": "oidc_client",
            "target_type": "appuser"
          },
          "private": "bnVsbA==",
          "dependencies": [
            "module.AllOIDCapps.okta_app_oauth.OIDCApp",
            "module.CreateCustomUserAttributes.okta_user_schema.CustomUserAttributes"
          ]
        },
        {
          "index_key": "FRMPortalApp",
          "schema_version": 0,
          "attributes": {
            "delete_when_absent": false,
            "id": "prmf5xaxkpz7d9lrv4x6",
            "mappings": [
              {
                "expression": "String.len(user.actorId)\u003e0?user.actorId:user.getInternalProperty('id')",
                "id": "actorId",
                "push_status": "PUSH"
              }
            ],
            "source_id": "otye61z679CqzJQdH4x6",
            "source_name": "user",
            "source_type": "user",
            "target_id": "0oaf57tw8FdgyVGI64x6",
            "target_name": "oidc_client",
            "target_type": "appuser"
          },
          "private": "bnVsbA==",
          "dependencies": [
            "module.AllOIDCapps.okta_app_oauth.OIDCApp",
            "module.CreateCustomUserAttributes.okta_user_schema.CustomUserAttributes"
          ]
        },
        {
          "index_key": "FreseniusPortalApp",
          "schema_version": 0,
          "attributes": {
            "delete_when_absent": false,
            "id": "prmf4t5i8ijccEkgn4x6",
            "mappings": [
              {
                "expression": "String.len(user.actorId)\u003e0?user.actorId:user.getInternalProperty('id')",
                "id": "actorId",
                "push_status": "PUSH"
              }
            ],
            "source_id": "otye61z679CqzJQdH4x6",
            "source_name": "user",
            "source_type": "user",
            "target_id": "0oaf4t5hvUlT0jKKk4x6",
            "target_name": "oidc_client",
            "target_type": "appuser"
          },
          "private": "bnVsbA==",
          "dependencies": [
            "module.AllOIDCapps.okta_app_oauth.OIDCApp",
            "module.CreateCustomUserAttributes.okta_user_schema.CustomUserAttributes"
          ]
        },
        {
          "index_key": "RelypsaPortalApp",
          "schema_version": 0,
          "attributes": {
            "delete_when_absent": false,
            "id": "prmf5xawz7k2XgQ6T4x6",
            "mappings": [
              {
                "expression": "String.len(user.actorId)\u003e0?user.actorId:user.getInternalProperty('id')",
                "id": "actorId",
                "push_status": "PUSH"
              }
            ],
            "source_id": "otye61z679CqzJQdH4x6",
            "source_name": "user",
            "source_type": "user",
            "target_id": "0oaf53kdv6vOOtGRR4x6",
            "target_name": "oidc_client",
            "target_type": "appuser"
          },
          "private": "bnVsbA==",
          "dependencies": [
            "module.AllOIDCapps.okta_app_oauth.OIDCApp",
            "module.CreateCustomUserAttributes.okta_user_schema.CustomUserAttributes"
          ]
        }
      ]
    },
    {
      "module": "module.cors",
      "mode": "managed",
      "type": "okta_trusted_origin",
      "name": "cors_id",
      "each": "map",
      "provider": "provider.okta",
      "instances": [
        {
          "index_key": "https://mcknordicarefrm.sit.rxcrossroads.com",
          "schema_version": 0,
          "attributes": {
            "active": true,
            "id": "tosf4s35kC4QI7wwR4x6",
            "name": "https://mcknordicarefrm.sit.rxcrossroads.com",
            "origin": "https://mcknordicarefrm.sit.rxcrossroads.com",
            "scopes": [
              "CORS",
              "REDIRECT"
            ]
          },
          "private": "bnVsbA=="
        },
        {
          "index_key": "https://www.portalbetaserony2i.sit.rxcrossroads.com/",
          "schema_version": 0,
          "attributes": {
            "active": true,
            "id": "tosf57gspSsFo5zQo4x6",
            "name": "https://www.portalbetaserony2i.sit.rxcrossroads.com/",
            "origin": "https://www.portalbetaserony2i.sit.rxcrossroads.com/",
            "scopes": [
              "CORS",
              "REDIRECT"
            ]
          },
          "private": "bnVsbA=="
        },
        {
          "index_key": "https://www.velphoroaccesssolutiony2i.sit.rxcrossroads.com/",
          "schema_version": 0,
          "attributes": {
            "active": true,
            "id": "tosf4qmrjpfBTQ2h04x6",
            "name": "https://www.velphoroaccesssolutiony2i.sit.rxcrossroads.com/",
            "origin": "https://www.velphoroaccesssolutiony2i.sit.rxcrossroads.com/",
            "scopes": [
              "CORS",
              "REDIRECT"
            ]
          },
          "private": "bnVsbA=="
        },
        {
          "index_key": "https://www.vkgatewayy2i.sit.rxcrossroads.com",
          "schema_version": 0,
          "attributes": {
            "active": true,
            "id": "tosf4klpsw1LpDTi34x6",
            "name": "https://www.vkgatewayy2i.sit.rxcrossroads.com",
            "origin": "https://www.vkgatewayy2i.sit.rxcrossroads.com",
            "scopes": [
              "CORS",
              "REDIRECT"
            ]
          },
          "private": "bnVsbA=="
        }
      ]
    },
    {
      "module": "module.CreateCustomUserAttributes",
      "mode": "managed",
      "type": "okta_user_schema",
      "name": "CustomUserAttributes",
      "each": "map",
      "provider": "provider.okta",
      "instances": [
        {
          "index_key": "actorId",
          "schema_version": 0,
          "attributes": {
            "array_enum": null,
            "array_one_of": [],
            "array_type": null,
            "description": "Actor ID attribute",
            "enum": null,
            "external_name": "",
            "id": "actorId",
            "index": "actorId",
            "master": "PROFILE_MASTER",
            "max_length": 0,
            "min_length": 0,
            "one_of": [],
            "permissions": "HIDE",
            "required": false,
            "scope": "NONE",
            "title": "Actor ID",
            "type": "string"
          },
          "private": "bnVsbA=="
        },
        {
          "index_key": "portalId",
          "schema_version": 0,
          "attributes": {
            "array_enum": null,
            "array_one_of": [],
            "array_type": null,
            "description": "Portal ID attribute",
            "enum": null,
            "external_name": "",
            "id": "portalId",
            "index": "portalId",
            "master": "PROFILE_MASTER",
            "max_length": 0,
            "min_length": 0,
            "one_of": [],
            "permissions": "HIDE",
            "required": false,
            "scope": "NONE",
            "title": "Portal ID",
            "type": "string"
          },
          "private": "bnVsbA=="
        }
      ]
    }
  ]
}
